
Microsoft Visual Studio Solution File, Format Version 12.00
# Visual Studio Version 16
VisualStudioVersion = 16.0.29519.87
MinimumVisualStudioVersion = 10.0.40219.1
Project("{8BC9CEB8-8B4A-11D0-8D11-00A0C91BC942}") = "median-comparison", "median-comparison.vcxproj", "{87C0E6D2-5FFD-4FA0-961A-1C2BED391E0F}"
EndProject
Global
	GlobalSection(SolutionConfigurationPlatforms) = preSolution
		Debug|x64 = Debug|x64
		Debug|x86 = Debug|x86
		Release|x64 = Release|x64
		Release|x86 = Release|x86
	EndGlobalSection
	GlobalSection(ProjectConfigurationPlatforms) = postSolution
		{87C0E6D2-5FFD-4FA0-961A-1C2BED391E0F}.Debug|x64.ActiveCfg = Debug|x64
		{87C0E6D2-5FFD-4FA0-961A-1C2BED391E0F}.Debug|x64.Build.0 = Debug|x64
		{87C0E6D2-5FFD-4FA0-961A-1C2BED391E0F}.Debug|x86.ActiveCfg = Debug|Win32
		{87C0E6D2-5FFD-4FA0-961A-1C2BED391E0F}.Debug|x86.Build.0 = Debug|Win32
		{87C0E6D2-5FFD-4FA0-961A-1C2BED391E0F}.Release|x64.ActiveCfg = Release|x64
		{87C0E6D2-5FFD-4FA0-961A-1C2BED391E0F}.Release|x64.Build.0 = Release|x64
		{87C0E6D2-5FFD-4FA0-961A-1C2BED391E0F}.Release|x86.ActiveCfg = Release|Win32
		{87C0E6D2-5FFD-4FA0-961A-1C2BED391E0F}.Release|x86.Build.0 = Release|Win32
	EndGlobalSection
	GlobalSection(SolutionProperties) = preSolution
		HideSolutionNode = FALSE
	EndGlobalSection
	GlobalSection(ExtensibilityGlobals) = postSolution
		SolutionGuid = {E1137B41-A041-41DE-9622-1531AA14D17C}
	EndGlobalSection
EndGlobal
